
Microsoft Visual Studio Solution File, Format Version 12.00
# Visual Studio 15
VisualStudioVersion = 15.0.27130.2010
MinimumVisualStudioVersion = 10.0.40219.1
Project("{FAE04EC0-301F-11D3-BF4B-00C04F79EFBC}") = "Quasar", "Quasar\Quasar.csproj", "{EDB4B3AC-3ED3-4F85-9107-3AC5C18D0337}"
EndProject
Project("{FAE04EC0-301F-11D3-BF4B-00C04F79EFBC}") = "QuasarExtension", "..\QuasarExtension\QuasarExtension\QuasarExtension.csproj", "{812D9CB7-D104-4165-8D88-B102399520B5}"
EndProject
Project("{FAE04EC0-301F-11D3-BF4B-00C04F79EFBC}") = "QuasarNodeModel", "..\QuasarNodeModel\QuasarNodeModel.csproj", "{A1340833-4311-4D38-B0B7-7D6320C0B329}"
EndProject
Project("{FAE04EC0-301F-11D3-BF4B-00C04F79EFBC}") = "QuasarNodeModelFunction", "..\QuasarNodeModelFunction\QuasarNodeModelFunction.csproj", "{A159FBE5-4C14-4D7E-989A-32FC2C5542B0}"
EndProject
Global
	GlobalSection(SolutionConfigurationPlatforms) = preSolution
		Debug|Any CPU = Debug|Any CPU
		Release|Any CPU = Release|Any CPU
	EndGlobalSection
	GlobalSection(ProjectConfigurationPlatforms) = postSolution
		{EDB4B3AC-3ED3-4F85-9107-3AC5C18D0337}.Debug|Any CPU.ActiveCfg = Debug|Any CPU
		{EDB4B3AC-3ED3-4F85-9107-3AC5C18D0337}.Debug|Any CPU.Build.0 = Debug|Any CPU
		{EDB4B3AC-3ED3-4F85-9107-3AC5C18D0337}.Release|Any CPU.ActiveCfg = Release|Any CPU
		{EDB4B3AC-3ED3-4F85-9107-3AC5C18D0337}.Release|Any CPU.Build.0 = Release|Any CPU
		{812D9CB7-D104-4165-8D88-B102399520B5}.Debug|Any CPU.ActiveCfg = Debug|Any CPU
		{812D9CB7-D104-4165-8D88-B102399520B5}.Debug|Any CPU.Build.0 = Debug|Any CPU
		{812D9CB7-D104-4165-8D88-B102399520B5}.Release|Any CPU.ActiveCfg = Release|Any CPU
		{812D9CB7-D104-4165-8D88-B102399520B5}.Release|Any CPU.Build.0 = Release|Any CPU
		{A1340833-4311-4D38-B0B7-7D6320C0B329}.Debug|Any CPU.ActiveCfg = Debug|Any CPU
		{A1340833-4311-4D38-B0B7-7D6320C0B329}.Debug|Any CPU.Build.0 = Debug|Any CPU
		{A1340833-4311-4D38-B0B7-7D6320C0B329}.Release|Any CPU.ActiveCfg = Release|Any CPU
		{A1340833-4311-4D38-B0B7-7D6320C0B329}.Release|Any CPU.Build.0 = Release|Any CPU
		{A159FBE5-4C14-4D7E-989A-32FC2C5542B0}.Debug|Any CPU.ActiveCfg = Debug|Any CPU
		{A159FBE5-4C14-4D7E-989A-32FC2C5542B0}.Debug|Any CPU.Build.0 = Debug|Any CPU
		{A159FBE5-4C14-4D7E-989A-32FC2C5542B0}.Release|Any CPU.ActiveCfg = Release|Any CPU
		{A159FBE5-4C14-4D7E-989A-32FC2C5542B0}.Release|Any CPU.Build.0 = Release|Any CPU
	EndGlobalSection
	GlobalSection(SolutionProperties) = preSolution
		HideSolutionNode = FALSE
	EndGlobalSection
	GlobalSection(ExtensibilityGlobals) = postSolution
		SolutionGuid = {2A28D256-05F3-499A-88D1-17F1F6547D03}
	EndGlobalSection
EndGlobal
